
Microsoft Visual Studio Solution File, Format Version 12.00
# Visual Studio Version 17
VisualStudioVersion = 17.9.34714.143
MinimumVisualStudioVersion = 10.0.40219.1
Project("{FAE04EC0-301F-11D3-BF4B-00C04F79EFBC}") = "CategoryTest", "CategoryTest.csproj", "{CD387EE8-841B-47B5-B9F9-5CA4217A36C7}"
EndProject
Global
	GlobalSection(SolutionConfigurationPlatforms) = preSolution
		Debug|Any CPU = Debug|Any CPU
		Release|Any CPU = Release|Any CPU
	EndGlobalSection
	GlobalSection(ProjectConfigurationPlatforms) = postSolution
		{CD387EE8-841B-47B5-B9F9-5CA4217A36C7}.Debug|Any CPU.ActiveCfg = Debug|Any CPU
		{CD387EE8-841B-47B5-B9F9-5CA4217A36C7}.Debug|Any CPU.Build.0 = Debug|Any CPU
		{CD387EE8-841B-47B5-B9F9-5CA4217A36C7}.Debug|Any CPU.Deploy.0 = Debug|Any CPU
		{CD387EE8-841B-47B5-B9F9-5CA4217A36C7}.Release|Any CPU.ActiveCfg = Release|Any CPU
		{CD387EE8-841B-47B5-B9F9-5CA4217A36C7}.Release|Any CPU.Build.0 = Release|Any CPU
		{CD387EE8-841B-47B5-B9F9-5CA4217A36C7}.Release|Any CPU.Deploy.0 = Release|Any CPU
	EndGlobalSection
	GlobalSection(SolutionProperties) = preSolution
		HideSolutionNode = FALSE
	EndGlobalSection
	GlobalSection(ExtensibilityGlobals) = postSolution
		SolutionGuid = {720A8E8A-1F52-497B-85A2-4547F3082C11}
	EndGlobalSection
EndGlobal
