
Microsoft Visual Studio Solution File, Format Version 12.00
# Visual Studio Version 17
VisualStudioVersion = 17.5.002.0
MinimumVisualStudioVersion = 10.0.40219.1
Project("{9A19103F-16F7-4668-BE54-9A1E7A4F7556}") = "PC_Architect", "PC_Architect.csproj", "{30C65520-383F-4023-B422-FCB8E6472198}"
EndProject
Global
	GlobalSection(SolutionConfigurationPlatforms) = preSolution
		Debug|Any CPU = Debug|Any CPU
		Release|Any CPU = Release|Any CPU
	EndGlobalSection
	GlobalSection(ProjectConfigurationPlatforms) = postSolution
		{30C65520-383F-4023-B422-FCB8E6472198}.Debug|Any CPU.ActiveCfg = Debug|Any CPU
		{30C65520-383F-4023-B422-FCB8E6472198}.Debug|Any CPU.Build.0 = Debug|Any CPU
		{30C65520-383F-4023-B422-FCB8E6472198}.Release|Any CPU.ActiveCfg = Release|Any CPU
		{30C65520-383F-4023-B422-FCB8E6472198}.Release|Any CPU.Build.0 = Release|Any CPU
	EndGlobalSection
	GlobalSection(SolutionProperties) = preSolution
		HideSolutionNode = FALSE
	EndGlobalSection
	GlobalSection(ExtensibilityGlobals) = postSolution
		SolutionGuid = {488A847B-DC3D-42A8-A2F5-BFCA8C4C31DE}
	EndGlobalSection
EndGlobal
