
Microsoft Visual Studio Solution File, Format Version 12.00
# Visual Studio Version 17
VisualStudioVersion = 17.9.34607.119
MinimumVisualStudioVersion = 10.0.40219.1
Project("{FAE04EC0-301F-11D3-BF4B-00C04F79EFBC}") = "Pc_ArchitectAPI", "Pc_ArchitectAPI\Pc_ArchitectAPI.csproj", "{501A39B7-1934-47BB-937F-A0CBC63E9744}"
EndProject
Global
	GlobalSection(SolutionConfigurationPlatforms) = preSolution
		Debug|Any CPU = Debug|Any CPU
		Release|Any CPU = Release|Any CPU
	EndGlobalSection
	GlobalSection(ProjectConfigurationPlatforms) = postSolution
		{501A39B7-1934-47BB-937F-A0CBC63E9744}.Debug|Any CPU.ActiveCfg = Debug|Any CPU
		{501A39B7-1934-47BB-937F-A0CBC63E9744}.Debug|Any CPU.Build.0 = Debug|Any CPU
		{501A39B7-1934-47BB-937F-A0CBC63E9744}.Release|Any CPU.ActiveCfg = Release|Any CPU
		{501A39B7-1934-47BB-937F-A0CBC63E9744}.Release|Any CPU.Build.0 = Release|Any CPU
	EndGlobalSection
	GlobalSection(SolutionProperties) = preSolution
		HideSolutionNode = FALSE
	EndGlobalSection
	GlobalSection(ExtensibilityGlobals) = postSolution
		SolutionGuid = {708E6BE8-B666-4C12-A3B6-1320C6579899}
	EndGlobalSection
EndGlobal
